
Microsoft Visual Studio Solution File, Format Version 12.00
# Visual Studio Version 17
VisualStudioVersion = 17.1.32228.430
MinimumVisualStudioVersion = 10.0.40219.1
Project("{9A19103F-16F7-4668-BE54-9A1E7A4F7556}") = "QuickTrade.Core", "src\QuickTrade.Core\QuickTrade.Core.csproj", "{9D84477E-B7B6-43DB-A680-1D282520A4FC}"
EndProject
Project("{9A19103F-16F7-4668-BE54-9A1E7A4F7556}") = "QuickTrade", "src\QuickTrade\QuickTrade.csproj", "{10D3410F-92FE-4388-8581-5D7FEBE73362}"
EndProject
Project("{9A19103F-16F7-4668-BE54-9A1E7A4F7556}") = "QuickTrade.Plugin.Sdk", "src\QuickTrade.Plugin.Sdk\QuickTrade.Plugin.Sdk.csproj", "{9C6BFC2C-F10D-436D-B7C4-7BF6295FB855}"
EndProject
Project("{2150E333-8FDC-42A3-9474-1A3956D46DE8}") = "Solution Items", "Solution Items", "{561516AD-AA63-42B4-8415-A055033E3354}"
	ProjectSection(SolutionItems) = preProject
		src\Version.props = src\Version.props
	EndProjectSection
EndProject
Global
	GlobalSection(SolutionConfigurationPlatforms) = preSolution
		Debug|Any CPU = Debug|Any CPU
		Release|Any CPU = Release|Any CPU
	EndGlobalSection
	GlobalSection(ProjectConfigurationPlatforms) = postSolution
		{9D84477E-B7B6-43DB-A680-1D282520A4FC}.Debug|Any CPU.ActiveCfg = Debug|Any CPU
		{9D84477E-B7B6-43DB-A680-1D282520A4FC}.Debug|Any CPU.Build.0 = Debug|Any CPU
		{9D84477E-B7B6-43DB-A680-1D282520A4FC}.Release|Any CPU.ActiveCfg = Release|Any CPU
		{9D84477E-B7B6-43DB-A680-1D282520A4FC}.Release|Any CPU.Build.0 = Release|Any CPU
		{10D3410F-92FE-4388-8581-5D7FEBE73362}.Debug|Any CPU.ActiveCfg = Debug|Any CPU
		{10D3410F-92FE-4388-8581-5D7FEBE73362}.Debug|Any CPU.Build.0 = Debug|Any CPU
		{10D3410F-92FE-4388-8581-5D7FEBE73362}.Release|Any CPU.ActiveCfg = Release|Any CPU
		{10D3410F-92FE-4388-8581-5D7FEBE73362}.Release|Any CPU.Build.0 = Release|Any CPU
		{9C6BFC2C-F10D-436D-B7C4-7BF6295FB855}.Debug|Any CPU.ActiveCfg = Debug|Any CPU
		{9C6BFC2C-F10D-436D-B7C4-7BF6295FB855}.Debug|Any CPU.Build.0 = Debug|Any CPU
		{9C6BFC2C-F10D-436D-B7C4-7BF6295FB855}.Release|Any CPU.ActiveCfg = Release|Any CPU
		{9C6BFC2C-F10D-436D-B7C4-7BF6295FB855}.Release|Any CPU.Build.0 = Release|Any CPU
	EndGlobalSection
	GlobalSection(SolutionProperties) = preSolution
		HideSolutionNode = FALSE
	EndGlobalSection
	GlobalSection(ExtensibilityGlobals) = postSolution
		SolutionGuid = {CAC670AB-DF25-45D8-BBB8-280C181AE435}
	EndGlobalSection
EndGlobal
